// !$*UTF8*$!
{
	archiveVersion = 1;
	classes = {
	};
	objectVersion = 56;
	objects = {

/* Begin PBXBuildFile section */
		9FD06C112947BB9B00FCA918 /* AppDelegate.swift in Sources */ = {isa = PBXBuildFile; fileRef = 9FD06C102947BB9B00FCA918 /* AppDelegate.swift */; };
		9FD06C1A2947BB9C00FCA918 /* Assets.xcassets in Resources */ = {isa = PBXBuildFile; fileRef = 9FD06C192947BB9C00FCA918 /* Assets.xcassets */; };
		9FD06C282947BB9C00FCA918 /* rick_and_mortyTests.swift in Sources */ = {isa = PBXBuildFile; fileRef = 9FD06C272947BB9C00FCA918 /* rick_and_mortyTests.swift */; };
		9FD06C322947BB9C00FCA918 /* rick_and_mortyUITests.swift in Sources */ = {isa = PBXBuildFile; fileRef = 9FD06C312947BB9C00FCA918 /* rick_and_mortyUITests.swift */; };
		9FD06C342947BB9C00FCA918 /* rick_and_mortyUITestsLaunchTests.swift in Sources */ = {isa = PBXBuildFile; fileRef = 9FD06C332947BB9C00FCA918 /* rick_and_mortyUITestsLaunchTests.swift */; };
		9FD06C432947BE7F00FCA918 /* LaunchScreen.xib in Resources */ = {isa = PBXBuildFile; fileRef = 9FD06C422947BE7F00FCA918 /* LaunchScreen.xib */; };
		9FD06C4A2947C16F00FCA918 /* CharactersView.xib in Resources */ = {isa = PBXBuildFile; fileRef = 9FD06C492947C16F00FCA918 /* CharactersView.xib */; };
		9FD06C4C2947C41200FCA918 /* SceneDelegate.swift in Sources */ = {isa = PBXBuildFile; fileRef = 9FD06C4B2947C41200FCA918 /* SceneDelegate.swift */; };
		9FD06C952947CBBF00FCA918 /* CharactersRouter.swift in Sources */ = {isa = PBXBuildFile; fileRef = 9FD06C892947CBBF00FCA918 /* CharactersRouter.swift */; };
		9FD06C972947CBBF00FCA918 /* CharactersViewController.swift in Sources */ = {isa = PBXBuildFile; fileRef = 9FD06C8C2947CBBF00FCA918 /* CharactersViewController.swift */; };
		9FD06C982947CBBF00FCA918 /* CharacetersPresenter.swift in Sources */ = {isa = PBXBuildFile; fileRef = 9FD06C8E2947CBBF00FCA918 /* CharacetersPresenter.swift */; };
		9FD06C9A2947CBBF00FCA918 /* CharactersInteractor.swift in Sources */ = {isa = PBXBuildFile; fileRef = 9FD06C922947CBBF00FCA918 /* CharactersInteractor.swift */; };
		9FD06C9B2947CBBF00FCA918 /* CharacetersProtocols.swift in Sources */ = {isa = PBXBuildFile; fileRef = 9FD06C942947CBBF00FCA918 /* CharacetersProtocols.swift */; };
		9FD06C9E2947CE8B00FCA918 /* Alamofire in Frameworks */ = {isa = PBXBuildFile; productRef = 9FD06C9D2947CE8B00FCA918 /* Alamofire */; };
		9FEF87AE294910BC00CA6B92 /* String+Extension.swift in Sources */ = {isa = PBXBuildFile; fileRef = 9FEF87AD294910BC00CA6B92 /* String+Extension.swift */; };
/* End PBXBuildFile section */

/* Begin PBXContainerItemProxy section */
		9FD06C242947BB9C00FCA918 /* PBXContainerItemProxy */ = {
			isa = PBXContainerItemProxy;
			containerPortal = 9FD06C052947BB9B00FCA918 /* Project object */;
			proxyType = 1;
			remoteGlobalIDString = 9FD06C0C2947BB9B00FCA918;
			remoteInfo = "rick-and-morty";
		};
		9FD06C2E2947BB9C00FCA918 /* PBXContainerItemProxy */ = {
			isa = PBXContainerItemProxy;
			containerPortal = 9FD06C052947BB9B00FCA918 /* Project object */;
			proxyType = 1;
			remoteGlobalIDString = 9FD06C0C2947BB9B00FCA918;
			remoteInfo = "rick-and-morty";
		};
/* End PBXContainerItemProxy section */

/* Begin PBXFileReference section */
		9FD06C0D2947BB9B00FCA918 /* rick-and-morty.app */ = {isa = PBXFileReference; explicitFileType = wrapper.application; includeInIndex = 0; path = "rick-and-morty.app"; sourceTree = BUILT_PRODUCTS_DIR; };
		9FD06C102947BB9B00FCA918 /* AppDelegate.swift */ = {isa = PBXFileReference; lastKnownFileType = sourcecode.swift; path = AppDelegate.swift; sourceTree = "<group>"; };
		9FD06C192947BB9C00FCA918 /* Assets.xcassets */ = {isa = PBXFileReference; lastKnownFileType = folder.assetcatalog; path = Assets.xcassets; sourceTree = "<group>"; };
		9FD06C1E2947BB9C00FCA918 /* Info.plist */ = {isa = PBXFileReference; lastKnownFileType = text.plist.xml; path = Info.plist; sourceTree = "<group>"; };
		9FD06C232947BB9C00FCA918 /* rick-and-mortyTests.xctest */ = {isa = PBXFileReference; explicitFileType = wrapper.cfbundle; includeInIndex = 0; path = "rick-and-mortyTests.xctest"; sourceTree = BUILT_PRODUCTS_DIR; };
		9FD06C272947BB9C00FCA918 /* rick_and_mortyTests.swift */ = {isa = PBXFileReference; lastKnownFileType = sourcecode.swift; path = rick_and_mortyTests.swift; sourceTree = "<group>"; };
		9FD06C2D2947BB9C00FCA918 /* rick-and-mortyUITests.xctest */ = {isa = PBXFileReference; explicitFileType = wrapper.cfbundle; includeInIndex = 0; path = "rick-and-mortyUITests.xctest"; sourceTree = BUILT_PRODUCTS_DIR; };
		9FD06C312947BB9C00FCA918 /* rick_and_mortyUITests.swift */ = {isa = PBXFileReference; lastKnownFileType = sourcecode.swift; path = rick_and_mortyUITests.swift; sourceTree = "<group>"; };
		9FD06C332947BB9C00FCA918 /* rick_and_mortyUITestsLaunchTests.swift */ = {isa = PBXFileReference; lastKnownFileType = sourcecode.swift; path = rick_and_mortyUITestsLaunchTests.swift; sourceTree = "<group>"; };
		9FD06C422947BE7F00FCA918 /* LaunchScreen.xib */ = {isa = PBXFileReference; lastKnownFileType = file.xib; path = LaunchScreen.xib; sourceTree = "<group>"; };
		9FD06C492947C16F00FCA918 /* CharactersView.xib */ = {isa = PBXFileReference; lastKnownFileType = file.xib; path = CharactersView.xib; sourceTree = "<group>"; };
		9FD06C4B2947C41200FCA918 /* SceneDelegate.swift */ = {isa = PBXFileReference; fileEncoding = 4; lastKnownFileType = sourcecode.swift; path = SceneDelegate.swift; sourceTree = "<group>"; };
		9FD06C892947CBBF00FCA918 /* CharactersRouter.swift */ = {isa = PBXFileReference; fileEncoding = 4; lastKnownFileType = sourcecode.swift; path = CharactersRouter.swift; sourceTree = "<group>"; };
		9FD06C8C2947CBBF00FCA918 /* CharactersViewController.swift */ = {isa = PBXFileReference; fileEncoding = 4; lastKnownFileType = sourcecode.swift; path = CharactersViewController.swift; sourceTree = "<group>"; };
		9FD06C8E2947CBBF00FCA918 /* CharacetersPresenter.swift */ = {isa = PBXFileReference; fileEncoding = 4; lastKnownFileType = sourcecode.swift; path = CharacetersPresenter.swift; sourceTree = "<group>"; };
		9FD06C922947CBBF00FCA918 /* CharactersInteractor.swift */ = {isa = PBXFileReference; fileEncoding = 4; lastKnownFileType = sourcecode.swift; path = CharactersInteractor.swift; sourceTree = "<group>"; };
		9FD06C942947CBBF00FCA918 /* CharacetersProtocols.swift */ = {isa = PBXFileReference; fileEncoding = 4; lastKnownFileType = sourcecode.swift; path = CharacetersProtocols.swift; sourceTree = "<group>"; };
		9FEF87AD294910BC00CA6B92 /* String+Extension.swift */ = {isa = PBXFileReference; fileEncoding = 4; lastKnownFileType = sourcecode.swift; path = "String+Extension.swift"; sourceTree = "<group>"; };
/* End PBXFileReference section */

/* Begin PBXFrameworksBuildPhase section */
		9FD06C0A2947BB9B00FCA918 /* Frameworks */ = {
			isa = PBXFrameworksBuildPhase;
			buildActionMask = 2147483647;
			files = (
				9FD06C9E2947CE8B00FCA918 /* Alamofire in Frameworks */,
			);
			runOnlyForDeploymentPostprocessing = 0;
		};
		9FD06C202947BB9C00FCA918 /* Frameworks */ = {
			isa = PBXFrameworksBuildPhase;
			buildActionMask = 2147483647;
			files = (
			);
			runOnlyForDeploymentPostprocessing = 0;
		};
		9FD06C2A2947BB9C00FCA918 /* Frameworks */ = {
			isa = PBXFrameworksBuildPhase;
			buildActionMask = 2147483647;
			files = (
			);
			runOnlyForDeploymentPostprocessing = 0;
		};
/* End PBXFrameworksBuildPhase section */

/* Begin PBXGroup section */
		9FD06C042947BB9B00FCA918 = {
			isa = PBXGroup;
			children = (
				9FD06C0F2947BB9B00FCA918 /* rick-and-morty */,
				9FD06C262947BB9C00FCA918 /* rick-and-mortyTests */,
				9FD06C302947BB9C00FCA918 /* rick-and-mortyUITests */,
				9FD06C0E2947BB9B00FCA918 /* Products */,
			);
			sourceTree = "<group>";
		};
		9FD06C0E2947BB9B00FCA918 /* Products */ = {
			isa = PBXGroup;
			children = (
				9FD06C0D2947BB9B00FCA918 /* rick-and-morty.app */,
				9FD06C232947BB9C00FCA918 /* rick-and-mortyTests.xctest */,
				9FD06C2D2947BB9C00FCA918 /* rick-and-mortyUITests.xctest */,
			);
			name = Products;
			sourceTree = "<group>";
		};
		9FD06C0F2947BB9B00FCA918 /* rick-and-morty */ = {
			isa = PBXGroup;
			children = (
				9FD06C9F2947CF8F00FCA918 /* Extensions */,
				9FD06C442947BEC100FCA918 /* Modules */,
				9FD06C102947BB9B00FCA918 /* AppDelegate.swift */,
				9FD06C4B2947C41200FCA918 /* SceneDelegate.swift */,
				9FD06C192947BB9C00FCA918 /* Assets.xcassets */,
				9FD06C1E2947BB9C00FCA918 /* Info.plist */,
				9FD06C422947BE7F00FCA918 /* LaunchScreen.xib */,
			);
			path = "rick-and-morty";
			sourceTree = "<group>";
		};
		9FD06C262947BB9C00FCA918 /* rick-and-mortyTests */ = {
			isa = PBXGroup;
			children = (
				9FD06C272947BB9C00FCA918 /* rick_and_mortyTests.swift */,
			);
			path = "rick-and-mortyTests";
			sourceTree = "<group>";
		};
		9FD06C302947BB9C00FCA918 /* rick-and-mortyUITests */ = {
			isa = PBXGroup;
			children = (
				9FD06C312947BB9C00FCA918 /* rick_and_mortyUITests.swift */,
				9FD06C332947BB9C00FCA918 /* rick_and_mortyUITestsLaunchTests.swift */,
			);
			path = "rick-and-mortyUITests";
			sourceTree = "<group>";
		};
		9FD06C442947BEC100FCA918 /* Modules */ = {
			isa = PBXGroup;
			children = (
				9FD06C812947CA8000FCA918 /* Characters */,
			);
			path = Modules;
			sourceTree = "<group>";
		};
		9FD06C812947CA8000FCA918 /* Characters */ = {
			isa = PBXGroup;
			children = (
				9FD06C8F2947CBBF00FCA918 /* Entity */,
				9FD06C912947CBBF00FCA918 /* Interactor */,
				9FD06C8D2947CBBF00FCA918 /* Presenter */,
				9FD06C932947CBBF00FCA918 /* Protocols */,
				9FD06C882947CBBF00FCA918 /* Router */,
				9FD06C8A2947CBBF00FCA918 /* View */,
			);
			path = Characters;
			sourceTree = "<group>";
		};
		9FD06C882947CBBF00FCA918 /* Router */ = {
			isa = PBXGroup;
			children = (
				9FD06C892947CBBF00FCA918 /* CharactersRouter.swift */,
			);
			path = Router;
			sourceTree = "<group>";
		};
		9FD06C8A2947CBBF00FCA918 /* View */ = {
			isa = PBXGroup;
			children = (
				9FD06C492947C16F00FCA918 /* CharactersView.xib */,
				9FD06C8C2947CBBF00FCA918 /* CharactersViewController.swift */,
			);
			path = View;
			sourceTree = "<group>";
		};
		9FD06C8D2947CBBF00FCA918 /* Presenter */ = {
			isa = PBXGroup;
			children = (
				9FD06C8E2947CBBF00FCA918 /* CharacetersPresenter.swift */,
			);
			path = Presenter;
			sourceTree = "<group>";
		};
		9FD06C8F2947CBBF00FCA918 /* Entity */ = {
			isa = PBXGroup;
			children = (
			);
			path = Entity;
			sourceTree = "<group>";
		};
		9FD06C912947CBBF00FCA918 /* Interactor */ = {
			isa = PBXGroup;
			children = (
				9FD06C922947CBBF00FCA918 /* CharactersInteractor.swift */,
			);
			path = Interactor;
			sourceTree = "<group>";
		};
		9FD06C932947CBBF00FCA918 /* Protocols */ = {
			isa = PBXGroup;
			children = (
				9FD06C942947CBBF00FCA918 /* CharacetersProtocols.swift */,
			);
			path = Protocols;
			sourceTree = "<group>";
		};
		9FD06C9F2947CF8F00FCA918 /* Extensions */ = {
			isa = PBXGroup;
			children = (
				9FEF87AD294910BC00CA6B92 /* String+Extension.swift */,
			);
			path = Extensions;
			sourceTree = "<group>";
		};
/* End PBXGroup section */

/* Begin PBXNativeTarget section */
		9FD06C0C2947BB9B00FCA918 /* rick-and-morty */ = {
			isa = PBXNativeTarget;
			buildConfigurationList = 9FD06C372947BB9C00FCA918 /* Build configuration list for PBXNativeTarget "rick-and-morty" */;
			buildPhases = (
				9FD06C092947BB9B00FCA918 /* Sources */,
				9FD06C0A2947BB9B00FCA918 /* Frameworks */,
				9FD06C0B2947BB9B00FCA918 /* Resources */,
			);
			buildRules = (
			);
			dependencies = (
			);
			name = "rick-and-morty";
			packageProductDependencies = (
				9FD06C9D2947CE8B00FCA918 /* Alamofire */,
			);
			productName = "rick-and-morty";
			productReference = 9FD06C0D2947BB9B00FCA918 /* rick-and-morty.app */;
			productType = "com.apple.product-type.application";
		};
		9FD06C222947BB9C00FCA918 /* rick-and-mortyTests */ = {
			isa = PBXNativeTarget;
			buildConfigurationList = 9FD06C3A2947BB9C00FCA918 /* Build configuration list for PBXNativeTarget "rick-and-mortyTests" */;
			buildPhases = (
				9FD06C1F2947BB9C00FCA918 /* Sources */,
				9FD06C202947BB9C00FCA918 /* Frameworks */,
				9FD06C212947BB9C00FCA918 /* Resources */,
			);
			buildRules = (
			);
			dependencies = (
				9FD06C252947BB9C00FCA918 /* PBXTargetDependency */,
			);
			name = "rick-and-mortyTests";
			productName = "rick-and-mortyTests";
			productReference = 9FD06C232947BB9C00FCA918 /* rick-and-mortyTests.xctest */;
			productType = "com.apple.product-type.bundle.unit-test";
		};
		9FD06C2C2947BB9C00FCA918 /* rick-and-mortyUITests */ = {
			isa = PBXNativeTarget;
			buildConfigurationList = 9FD06C3D2947BB9C00FCA918 /* Build configuration list for PBXNativeTarget "rick-and-mortyUITests" */;
			buildPhases = (
				9FD06C292947BB9C00FCA918 /* Sources */,
				9FD06C2A2947BB9C00FCA918 /* Frameworks */,
				9FD06C2B2947BB9C00FCA918 /* Resources */,
			);
			buildRules = (
			);
			dependencies = (
				9FD06C2F2947BB9C00FCA918 /* PBXTargetDependency */,
			);
			name = "rick-and-mortyUITests";
			productName = "rick-and-mortyUITests";
			productReference = 9FD06C2D2947BB9C00FCA918 /* rick-and-mortyUITests.xctest */;
			productType = "com.apple.product-type.bundle.ui-testing";
		};
/* End PBXNativeTarget section */

/* Begin PBXProject section */
		9FD06C052947BB9B00FCA918 /* Project object */ = {
			isa = PBXProject;
			attributes = {
				BuildIndependentTargetsInParallel = 1;
				LastSwiftUpdateCheck = 1410;
				LastUpgradeCheck = 1410;
				TargetAttributes = {
					9FD06C0C2947BB9B00FCA918 = {
						CreatedOnToolsVersion = 14.1;
					};
					9FD06C222947BB9C00FCA918 = {
						CreatedOnToolsVersion = 14.1;
						TestTargetID = 9FD06C0C2947BB9B00FCA918;
					};
					9FD06C2C2947BB9C00FCA918 = {
						CreatedOnToolsVersion = 14.1;
						TestTargetID = 9FD06C0C2947BB9B00FCA918;
					};
				};
			};
			buildConfigurationList = 9FD06C082947BB9B00FCA918 /* Build configuration list for PBXProject "rick-and-morty" */;
			compatibilityVersion = "Xcode 14.0";
			developmentRegion = en;
			hasScannedForEncodings = 0;
			knownRegions = (
				en,
				Base,
			);
			mainGroup = 9FD06C042947BB9B00FCA918;
			packageReferences = (
				9FD06C9C2947CE8B00FCA918 /* XCRemoteSwiftPackageReference "Alamofire" */,
			);
			productRefGroup = 9FD06C0E2947BB9B00FCA918 /* Products */;
			projectDirPath = "";
			projectRoot = "";
			targets = (
				9FD06C0C2947BB9B00FCA918 /* rick-and-morty */,
				9FD06C222947BB9C00FCA918 /* rick-and-mortyTests */,
				9FD06C2C2947BB9C00FCA918 /* rick-and-mortyUITests */,
			);
		};
/* End PBXProject section */

/* Begin PBXResourcesBuildPhase section */
		9FD06C0B2947BB9B00FCA918 /* Resources */ = {
			isa = PBXResourcesBuildPhase;
			buildActionMask = 2147483647;
			files = (
				9FD06C432947BE7F00FCA918 /* LaunchScreen.xib in Resources */,
				9FD06C1A2947BB9C00FCA918 /* Assets.xcassets in Resources */,
				9FD06C4A2947C16F00FCA918 /* CharactersView.xib in Resources */,
			);
			runOnlyForDeploymentPostprocessing = 0;
		};
		9FD06C212947BB9C00FCA918 /* Resources */ = {
			isa = PBXResourcesBuildPhase;
			buildActionMask = 2147483647;
			files = (
			);
			runOnlyForDeploymentPostprocessing = 0;
		};
		9FD06C2B2947BB9C00FCA918 /* Resources */ = {
			isa = PBXResourcesBuildPhase;
			buildActionMask = 2147483647;
			files = (
			);
			runOnlyForDeploymentPostprocessing = 0;
		};
/* End PBXResourcesBuildPhase section */

/* Begin PBXSourcesBuildPhase section */
		9FD06C092947BB9B00FCA918 /* Sources */ = {
			isa = PBXSourcesBuildPhase;
			buildActionMask = 2147483647;
			files = (
				9FEF87AE294910BC00CA6B92 /* String+Extension.swift in Sources */,
				9FD06C112947BB9B00FCA918 /* AppDelegate.swift in Sources */,
				9FD06C952947CBBF00FCA918 /* CharactersRouter.swift in Sources */,
				9FD06C9B2947CBBF00FCA918 /* CharacetersProtocols.swift in Sources */,
				9FD06C4C2947C41200FCA918 /* SceneDelegate.swift in Sources */,
				9FD06C9A2947CBBF00FCA918 /* CharactersInteractor.swift in Sources */,
				9FD06C982947CBBF00FCA918 /* CharacetersPresenter.swift in Sources */,
				9FD06C972947CBBF00FCA918 /* CharactersViewController.swift in Sources */,
			);
			runOnlyForDeploymentPostprocessing = 0;
		};
		9FD06C1F2947BB9C00FCA918 /* Sources */ = {
			isa = PBXSourcesBuildPhase;
			buildActionMask = 2147483647;
			files = (
				9FD06C282947BB9C00FCA918 /* rick_and_mortyTests.swift in Sources */,
			);
			runOnlyForDeploymentPostprocessing = 0;
		};
		9FD06C292947BB9C00FCA918 /* Sources */ = {
			isa = PBXSourcesBuildPhase;
			buildActionMask = 2147483647;
			files = (
				9FD06C322947BB9C00FCA918 /* rick_and_mortyUITests.swift in Sources */,
				9FD06C342947BB9C00FCA918 /* rick_and_mortyUITestsLaunchTests.swift in Sources */,
			);
			runOnlyForDeploymentPostprocessing = 0;
		};
/* End PBXSourcesBuildPhase section */

/* Begin PBXTargetDependency section */
		9FD06C252947BB9C00FCA918 /* PBXTargetDependency */ = {
			isa = PBXTargetDependency;
			target = 9FD06C0C2947BB9B00FCA918 /* rick-and-morty */;
			targetProxy = 9FD06C242947BB9C00FCA918 /* PBXContainerItemProxy */;
		};
		9FD06C2F2947BB9C00FCA918 /* PBXTargetDependency */ = {
			isa = PBXTargetDependency;
			target = 9FD06C0C2947BB9B00FCA918 /* rick-and-morty */;
			targetProxy = 9FD06C2E2947BB9C00FCA918 /* PBXContainerItemProxy */;
		};
/* End PBXTargetDependency section */

/* Begin XCBuildConfiguration section */
		9FD06C352947BB9C00FCA918 /* Debug */ = {
			isa = XCBuildConfiguration;
			buildSettings = {
				ALWAYS_SEARCH_USER_PATHS = NO;
				CLANG_ANALYZER_NONNULL = YES;
				CLANG_ANALYZER_NUMBER_OBJECT_CONVERSION = YES_AGGRESSIVE;
				CLANG_CXX_LANGUAGE_STANDARD = "gnu++20";
				CLANG_ENABLE_MODULES = YES;
				CLANG_ENABLE_OBJC_ARC = YES;
				CLANG_ENABLE_OBJC_WEAK = YES;
				CLANG_WARN_BLOCK_CAPTURE_AUTORELEASING = YES;
				CLANG_WARN_BOOL_CONVERSION = YES;
				CLANG_WARN_COMMA = YES;
				CLANG_WARN_CONSTANT_CONVERSION = YES;
				CLANG_WARN_DEPRECATED_OBJC_IMPLEMENTATIONS = YES;
				CLANG_WARN_DIRECT_OBJC_ISA_USAGE = YES_ERROR;
				CLANG_WARN_DOCUMENTATION_COMMENTS = YES;
				CLANG_WARN_EMPTY_BODY = YES;
				CLANG_WARN_ENUM_CONVERSION = YES;
				CLANG_WARN_INFINITE_RECURSION = YES;
				CLANG_WARN_INT_CONVERSION = YES;
				CLANG_WARN_NON_LITERAL_NULL_CONVERSION = YES;
				CLANG_WARN_OBJC_IMPLICIT_RETAIN_SELF = YES;
				CLANG_WARN_OBJC_LITERAL_CONVERSION = YES;
				CLANG_WARN_OBJC_ROOT_CLASS = YES_ERROR;
				CLANG_WARN_QUOTED_INCLUDE_IN_FRAMEWORK_HEADER = YES;
				CLANG_WARN_RANGE_LOOP_ANALYSIS = YES;
				CLANG_WARN_STRICT_PROTOTYPES = YES;
				CLANG_WARN_SUSPICIOUS_MOVE = YES;
				CLANG_WARN_UNGUARDED_AVAILABILITY = YES_AGGRESSIVE;
				CLANG_WARN_UNREACHABLE_CODE = YES;
				CLANG_WARN__DUPLICATE_METHOD_MATCH = YES;
				COPY_PHASE_STRIP = NO;
				DEBUG_INFORMATION_FORMAT = dwarf;
				ENABLE_STRICT_OBJC_MSGSEND = YES;
				ENABLE_TESTABILITY = YES;
				GCC_C_LANGUAGE_STANDARD = gnu11;
				GCC_DYNAMIC_NO_PIC = NO;
				GCC_NO_COMMON_BLOCKS = YES;
				GCC_OPTIMIZATION_LEVEL = 0;
				GCC_PREPROCESSOR_DEFINITIONS = (
					"DEBUG=1",
					"$(inherited)",
				);
				GCC_WARN_64_TO_32_BIT_CONVERSION = YES;
				GCC_WARN_ABOUT_RETURN_TYPE = YES_ERROR;
				GCC_WARN_UNDECLARED_SELECTOR = YES;
				GCC_WARN_UNINITIALIZED_AUTOS = YES_AGGRESSIVE;
				GCC_WARN_UNUSED_FUNCTION = YES;
				GCC_WARN_UNUSED_VARIABLE = YES;
				IPHONEOS_DEPLOYMENT_TARGET = 16.1;
				MTL_ENABLE_DEBUG_INFO = INCLUDE_SOURCE;
				MTL_FAST_MATH = YES;
				ONLY_ACTIVE_ARCH = YES;
				SDKROOT = iphoneos;
				SWIFT_ACTIVE_COMPILATION_CONDITIONS = DEBUG;
				SWIFT_OPTIMIZATION_LEVEL = "-Onone";
			};
			name = Debug;
		};
		9FD06C362947BB9C00FCA918 /* Release */ = {
			isa = XCBuildConfiguration;
			buildSettings = {
				ALWAYS_SEARCH_USER_PATHS = NO;
				CLANG_ANALYZER_NONNULL = YES;
				CLANG_ANALYZER_NUMBER_OBJECT_CONVERSION = YES_AGGRESSIVE;
				CLANG_CXX_LANGUAGE_STANDARD = "gnu++20";
				CLANG_ENABLE_MODULES = YES;
				CLANG_ENABLE_OBJC_ARC = YES;
				CLANG_ENABLE_OBJC_WEAK = YES;
				CLANG_WARN_BLOCK_CAPTURE_AUTORELEASING = YES;
				CLANG_WARN_BOOL_CONVERSION = YES;
				CLANG_WARN_COMMA = YES;
				CLANG_WARN_CONSTANT_CONVERSION = YES;
				CLANG_WARN_DEPRECATED_OBJC_IMPLEMENTATIONS = YES;
				CLANG_WARN_DIRECT_OBJC_ISA_USAGE = YES_ERROR;
				CLANG_WARN_DOCUMENTATION_COMMENTS = YES;
				CLANG_WARN_EMPTY_BODY = YES;
				CLANG_WARN_ENUM_CONVERSION = YES;
				CLANG_WARN_INFINITE_RECURSION = YES;
				CLANG_WARN_INT_CONVERSION = YES;
				CLANG_WARN_NON_LITERAL_NULL_CONVERSION = YES;
				CLANG_WARN_OBJC_IMPLICIT_RETAIN_SELF = YES;
				CLANG_WARN_OBJC_LITERAL_CONVERSION = YES;
				CLANG_WARN_OBJC_ROOT_CLASS = YES_ERROR;
				CLANG_WARN_QUOTED_INCLUDE_IN_FRAMEWORK_HEADER = YES;
				CLANG_WARN_RANGE_LOOP_ANALYSIS = YES;
				CLANG_WARN_STRICT_PROTOTYPES = YES;
				CLANG_WARN_SUSPICIOUS_MOVE = YES;
				CLANG_WARN_UNGUARDED_AVAILABILITY = YES_AGGRESSIVE;
				CLANG_WARN_UNREACHABLE_CODE = YES;
				CLANG_WARN__DUPLICATE_METHOD_MATCH = YES;
				COPY_PHASE_STRIP = NO;
				DEBUG_INFORMATION_FORMAT = "dwarf-with-dsym";
				ENABLE_NS_ASSERTIONS = NO;
				ENABLE_STRICT_OBJC_MSGSEND = YES;
				GCC_C_LANGUAGE_STANDARD = gnu11;
				GCC_NO_COMMON_BLOCKS = YES;
				GCC_WARN_64_TO_32_BIT_CONVERSION = YES;
				GCC_WARN_ABOUT_RETURN_TYPE = YES_ERROR;
				GCC_WARN_UNDECLARED_SELECTOR = YES;
				GCC_WARN_UNINITIALIZED_AUTOS = YES_AGGRESSIVE;
				GCC_WARN_UNUSED_FUNCTION = YES;
				GCC_WARN_UNUSED_VARIABLE = YES;
				IPHONEOS_DEPLOYMENT_TARGET = 16.1;
				MTL_ENABLE_DEBUG_INFO = NO;
				MTL_FAST_MATH = YES;
				SDKROOT = iphoneos;
				SWIFT_COMPILATION_MODE = wholemodule;
				SWIFT_OPTIMIZATION_LEVEL = "-O";
				VALIDATE_PRODUCT = YES;
			};
			name = Release;
		};
		9FD06C382947BB9C00FCA918 /* Debug */ = {
			isa = XCBuildConfiguration;
			buildSettings = {
				ASSETCATALOG_COMPILER_APPICON_NAME = AppIcon;
				ASSETCATALOG_COMPILER_GLOBAL_ACCENT_COLOR_NAME = AccentColor;
				CODE_SIGN_STYLE = Automatic;
				CURRENT_PROJECT_VERSION = 1;
				DEVELOPMENT_TEAM = MR2BL5TS7K;
				GENERATE_INFOPLIST_FILE = YES;
				INFOPLIST_FILE = "rick-and-morty/Info.plist";
				INFOPLIST_KEY_CFBundleDisplayName = "Rick & Morty";
				INFOPLIST_KEY_LSApplicationCategoryType = "public.app-category.entertainment";
				INFOPLIST_KEY_UIApplicationSupportsIndirectInputEvents = YES;
				INFOPLIST_KEY_UILaunchStoryboardName = LaunchScreen.xib;
				INFOPLIST_KEY_UISupportedInterfaceOrientations_iPad = "UIInterfaceOrientationPortrait UIInterfaceOrientationPortraitUpsideDown UIInterfaceOrientationLandscapeLeft UIInterfaceOrientationLandscapeRight";
				INFOPLIST_KEY_UISupportedInterfaceOrientations_iPhone = "UIInterfaceOrientationPortrait UIInterfaceOrientationLandscapeLeft UIInterfaceOrientationLandscapeRight";
				IPHONEOS_DEPLOYMENT_TARGET = 15.0;
				LD_RUNPATH_SEARCH_PATHS = (
					"$(inherited)",
					"@executable_path/Frameworks",
				);
				MARKETING_VERSION = 1.0;
				PRODUCT_BUNDLE_IDENTIFIER = "com.arkon.rick-and-morty";
				PRODUCT_NAME = "$(TARGET_NAME)";
				SWIFT_EMIT_LOC_STRINGS = YES;
				SWIFT_VERSION = 5.0;
				TARGETED_DEVICE_FAMILY = "1,2";
			};
			name = Debug;
		};
		9FD06C392947BB9C00FCA918 /* Release */ = {
			isa = XCBuildConfiguration;
			buildSettings = {
				ASSETCATALOG_COMPILER_APPICON_NAME = AppIcon;
				ASSETCATALOG_COMPILER_GLOBAL_ACCENT_COLOR_NAME = AccentColor;
				CODE_SIGN_STYLE = Automatic;
				CURRENT_PROJECT_VERSION = 1;
				DEVELOPMENT_TEAM = MR2BL5TS7K;
				GENERATE_INFOPLIST_FILE = YES;
				INFOPLIST_FILE = "rick-and-morty/Info.plist";
				INFOPLIST_KEY_CFBundleDisplayName = "Rick & Morty";
				INFOPLIST_KEY_LSApplicationCategoryType = "public.app-category.entertainment";
				INFOPLIST_KEY_UIApplicationSupportsIndirectInputEvents = YES;
				INFOPLIST_KEY_UILaunchStoryboardName = LaunchScreen.xib;
				INFOPLIST_KEY_UISupportedInterfaceOrientations_iPad = "UIInterfaceOrientationPortrait UIInterfaceOrientationPortraitUpsideDown UIInterfaceOrientationLandscapeLeft UIInterfaceOrientationLandscapeRight";
				INFOPLIST_KEY_UISupportedInterfaceOrientations_iPhone = "UIInterfaceOrientationPortrait UIInterfaceOrientationLandscapeLeft UIInterfaceOrientationLandscapeRight";
				IPHONEOS_DEPLOYMENT_TARGET = 15.0;
				LD_RUNPATH_SEARCH_PATHS = (
					"$(inherited)",
					"@executable_path/Frameworks",
				);
				MARKETING_VERSION = 1.0;
				PRODUCT_BUNDLE_IDENTIFIER = "com.arkon.rick-and-morty";
				PRODUCT_NAME = "$(TARGET_NAME)";
				SWIFT_EMIT_LOC_STRINGS = YES;
				SWIFT_VERSION = 5.0;
				TARGETED_DEVICE_FAMILY = "1,2";
			};
			name = Release;
		};
		9FD06C3B2947BB9C00FCA918 /* Debug */ = {
			isa = XCBuildConfiguration;
			buildSettings = {
				ALWAYS_EMBED_SWIFT_STANDARD_LIBRARIES = YES;
				BUNDLE_LOADER = "$(TEST_HOST)";
				CODE_SIGN_STYLE = Automatic;
				CURRENT_PROJECT_VERSION = 1;
				DEVELOPMENT_TEAM = MR2BL5TS7K;
				GENERATE_INFOPLIST_FILE = YES;
				IPHONEOS_DEPLOYMENT_TARGET = 16.1;
				MARKETING_VERSION = 1.0;
				PRODUCT_BUNDLE_IDENTIFIER = "com.arkon.rick-and-mortyTests";
				PRODUCT_NAME = "$(TARGET_NAME)";
				SWIFT_EMIT_LOC_STRINGS = NO;
				SWIFT_VERSION = 5.0;
				TARGETED_DEVICE_FAMILY = "1,2";
				TEST_HOST = "$(BUILT_PRODUCTS_DIR)/rick-and-morty.app/$(BUNDLE_EXECUTABLE_FOLDER_PATH)/rick-and-morty";
			};
			name = Debug;
		};
		9FD06C3C2947BB9C00FCA918 /* Release */ = {
			isa = XCBuildConfiguration;
			buildSettings = {
				ALWAYS_EMBED_SWIFT_STANDARD_LIBRARIES = YES;
				BUNDLE_LOADER = "$(TEST_HOST)";
				CODE_SIGN_STYLE = Automatic;
				CURRENT_PROJECT_VERSION = 1;
				DEVELOPMENT_TEAM = MR2BL5TS7K;
				GENERATE_INFOPLIST_FILE = YES;
				IPHONEOS_DEPLOYMENT_TARGET = 16.1;
				MARKETING_VERSION = 1.0;
				PRODUCT_BUNDLE_IDENTIFIER = "com.arkon.rick-and-mortyTests";
				PRODUCT_NAME = "$(TARGET_NAME)";
				SWIFT_EMIT_LOC_STRINGS = NO;
				SWIFT_VERSION = 5.0;
				TARGETED_DEVICE_FAMILY = "1,2";
				TEST_HOST = "$(BUILT_PRODUCTS_DIR)/rick-and-morty.app/$(BUNDLE_EXECUTABLE_FOLDER_PATH)/rick-and-morty";
			};
			name = Release;
		};
		9FD06C3E2947BB9C00FCA918 /* Debug */ = {
			isa = XCBuildConfiguration;
			buildSettings = {
				ALWAYS_EMBED_SWIFT_STANDARD_LIBRARIES = YES;
				CODE_SIGN_STYLE = Automatic;
				CURRENT_PROJECT_VERSION = 1;
				DEVELOPMENT_TEAM = MR2BL5TS7K;
				GENERATE_INFOPLIST_FILE = YES;
				MARKETING_VERSION = 1.0;
				PRODUCT_BUNDLE_IDENTIFIER = "com.arkon.rick-and-mortyUITests";
				PRODUCT_NAME = "$(TARGET_NAME)";
				SWIFT_EMIT_LOC_STRINGS = NO;
				SWIFT_VERSION = 5.0;
				TARGETED_DEVICE_FAMILY = "1,2";
				TEST_TARGET_NAME = "rick-and-morty";
			};
			name = Debug;
		};
		9FD06C3F2947BB9C00FCA918 /* Release */ = {
			isa = XCBuildConfiguration;
			buildSettings = {
				ALWAYS_EMBED_SWIFT_STANDARD_LIBRARIES = YES;
				CODE_SIGN_STYLE = Automatic;
				CURRENT_PROJECT_VERSION = 1;
				DEVELOPMENT_TEAM = MR2BL5TS7K;
				GENERATE_INFOPLIST_FILE = YES;
				MARKETING_VERSION = 1.0;
				PRODUCT_BUNDLE_IDENTIFIER = "com.arkon.rick-and-mortyUITests";
				PRODUCT_NAME = "$(TARGET_NAME)";
				SWIFT_EMIT_LOC_STRINGS = NO;
				SWIFT_VERSION = 5.0;
				TARGETED_DEVICE_FAMILY = "1,2";
				TEST_TARGET_NAME = "rick-and-morty";
			};
			name = Release;
		};
/* End XCBuildConfiguration section */

/* Begin XCConfigurationList section */
		9FD06C082947BB9B00FCA918 /* Build configuration list for PBXProject "rick-and-morty" */ = {
			isa = XCConfigurationList;
			buildConfigurations = (
				9FD06C352947BB9C00FCA918 /* Debug */,
				9FD06C362947BB9C00FCA918 /* Release */,
			);
			defaultConfigurationIsVisible = 0;
			defaultConfigurationName = Release;
		};
		9FD06C372947BB9C00FCA918 /* Build configuration list for PBXNativeTarget "rick-and-morty" */ = {
			isa = XCConfigurationList;
			buildConfigurations = (
				9FD06C382947BB9C00FCA918 /* Debug */,
				9FD06C392947BB9C00FCA918 /* Release */,
			);
			defaultConfigurationIsVisible = 0;
			defaultConfigurationName = Release;
		};
		9FD06C3A2947BB9C00FCA918 /* Build configuration list for PBXNativeTarget "rick-and-mortyTests" */ = {
			isa = XCConfigurationList;
			buildConfigurations = (
				9FD06C3B2947BB9C00FCA918 /* Debug */,
				9FD06C3C2947BB9C00FCA918 /* Release */,
			);
			defaultConfigurationIsVisible = 0;
			defaultConfigurationName = Release;
		};
		9FD06C3D2947BB9C00FCA918 /* Build configuration list for PBXNativeTarget "rick-and-mortyUITests" */ = {
			isa = XCConfigurationList;
			buildConfigurations = (
				9FD06C3E2947BB9C00FCA918 /* Debug */,
				9FD06C3F2947BB9C00FCA918 /* Release */,
			);
			defaultConfigurationIsVisible = 0;
			defaultConfigurationName = Release;
		};
/* End XCConfigurationList section */

/* Begin XCRemoteSwiftPackageReference section */
		9FD06C9C2947CE8B00FCA918 /* XCRemoteSwiftPackageReference "Alamofire" */ = {
			isa = XCRemoteSwiftPackageReference;
			repositoryURL = "https://github.com/Alamofire/Alamofire.git";
			requirement = {
				branch = master;
				kind = branch;
			};
		};
/* End XCRemoteSwiftPackageReference section */

/* Begin XCSwiftPackageProductDependency section */
		9FD06C9D2947CE8B00FCA918 /* Alamofire */ = {
			isa = XCSwiftPackageProductDependency;
			package = 9FD06C9C2947CE8B00FCA918 /* XCRemoteSwiftPackageReference "Alamofire" */;
			productName = Alamofire;
		};
/* End XCSwiftPackageProductDependency section */
	};
	rootObject = 9FD06C052947BB9B00FCA918 /* Project object */;
}
